
Microsoft Visual Studio Solution File, Format Version 12.00
# Visual Studio Version 17
VisualStudioVersion = 17.7.34031.279
MinimumVisualStudioVersion = 10.0.40219.1
Project("{FAE04EC0-301F-11D3-BF4B-00C04F79EFBC}") = "Module5.pr", "Module5.pr\Module5.pr.csproj", "{56501CA9-0EF7-4925-967C-552F98DA1970}"
EndProject
Global
	GlobalSection(SolutionConfigurationPlatforms) = preSolution
		Debug|Any CPU = Debug|Any CPU
		Release|Any CPU = Release|Any CPU
	EndGlobalSection
	GlobalSection(ProjectConfigurationPlatforms) = postSolution
		{56501CA9-0EF7-4925-967C-552F98DA1970}.Debug|Any CPU.ActiveCfg = Debug|Any CPU
		{56501CA9-0EF7-4925-967C-552F98DA1970}.Debug|Any CPU.Build.0 = Debug|Any CPU
		{56501CA9-0EF7-4925-967C-552F98DA1970}.Release|Any CPU.ActiveCfg = Release|Any CPU
		{56501CA9-0EF7-4925-967C-552F98DA1970}.Release|Any CPU.Build.0 = Release|Any CPU
	EndGlobalSection
	GlobalSection(SolutionProperties) = preSolution
		HideSolutionNode = FALSE
	EndGlobalSection
	GlobalSection(ExtensibilityGlobals) = postSolution
		SolutionGuid = {CB269DF0-6710-44B6-8C15-C98B6E1FDDE5}
	EndGlobalSection
EndGlobal
